
Microsoft Visual Studio Solution File, Format Version 12.00
# Visual Studio Version 16
VisualStudioVersion = 16.0.31402.337
MinimumVisualStudioVersion = 10.0.40219.1
Project("{8BC9CEB8-8B4A-11D0-8D11-00A0C91BC942}") = "minesweeper", "minesweeper\minesweeper.vcxproj", "{882B1448-7E09-4456-982C-8A899475EE6A}"
EndProject
Global
	GlobalSection(SolutionConfigurationPlatforms) = preSolution
		Debug|x64 = Debug|x64
		Debug|x86 = Debug|x86
		Release|x64 = Release|x64
		Release|x86 = Release|x86
	EndGlobalSection
	GlobalSection(ProjectConfigurationPlatforms) = postSolution
		{882B1448-7E09-4456-982C-8A899475EE6A}.Debug|x64.ActiveCfg = Debug|x64
		{882B1448-7E09-4456-982C-8A899475EE6A}.Debug|x64.Build.0 = Debug|x64
		{882B1448-7E09-4456-982C-8A899475EE6A}.Debug|x86.ActiveCfg = Debug|Win32
		{882B1448-7E09-4456-982C-8A899475EE6A}.Debug|x86.Build.0 = Debug|Win32
		{882B1448-7E09-4456-982C-8A899475EE6A}.Release|x64.ActiveCfg = Release|x64
		{882B1448-7E09-4456-982C-8A899475EE6A}.Release|x64.Build.0 = Release|x64
		{882B1448-7E09-4456-982C-8A899475EE6A}.Release|x86.ActiveCfg = Release|Win32
		{882B1448-7E09-4456-982C-8A899475EE6A}.Release|x86.Build.0 = Release|Win32
	EndGlobalSection
	GlobalSection(SolutionProperties) = preSolution
		HideSolutionNode = FALSE
	EndGlobalSection
	GlobalSection(ExtensibilityGlobals) = postSolution
		SolutionGuid = {D309022B-32A1-4C57-B927-B686E0B89261}
	EndGlobalSection
EndGlobal
